// !$*UTF8*$!
{
	archiveVersion = 1;
	classes = {
	};
	objectVersion = 55;
	objects = {

/* Begin PBXBuildFile section */
		04104D7F284A04DE00FCFC04 /* afl4amadLiaApp.swift in Sources */ = {isa = PBXBuildFile; fileRef = 04104D7E284A04DE00FCFC04 /* afl4amadLiaApp.swift */; };
		04104D81284A04DE00FCFC04 /* ContentView.swift in Sources */ = {isa = PBXBuildFile; fileRef = 04104D80284A04DE00FCFC04 /* ContentView.swift */; };
		04104D83284A04E000FCFC04 /* Assets.xcassets in Resources */ = {isa = PBXBuildFile; fileRef = 04104D82284A04E000FCFC04 /* Assets.xcassets */; };
		04104D86284A04E000FCFC04 /* Preview Assets.xcassets in Resources */ = {isa = PBXBuildFile; fileRef = 04104D85284A04E000FCFC04 /* Preview Assets.xcassets */; };
		04104D8E284A069400FCFC04 /* news.json in Resources */ = {isa = PBXBuildFile; fileRef = 04104D8D284A069400FCFC04 /* news.json */; };
		04104D91284A0BB800FCFC04 /* NewsVM.swift in Sources */ = {isa = PBXBuildFile; fileRef = 04104D90284A0BB800FCFC04 /* NewsVM.swift */; };
		04104D93284A0BBD00FCFC04 /* BookmarkVM.swift in Sources */ = {isa = PBXBuildFile; fileRef = 04104D92284A0BBD00FCFC04 /* BookmarkVM.swift */; };
		04104D98284A0BE000FCFC04 /* API.swift in Sources */ = {isa = PBXBuildFile; fileRef = 04104D97284A0BE000FCFC04 /* API.swift */; };
		04104DA3284A0BEF00FCFC04 /* TampilanSafari.swift in Sources */ = {isa = PBXBuildFile; fileRef = 04104D9A284A0BEF00FCFC04 /* TampilanSafari.swift */; };
		04104DA4284A0BEF00FCFC04 /* RetryView.swift in Sources */ = {isa = PBXBuildFile; fileRef = 04104D9B284A0BEF00FCFC04 /* RetryView.swift */; };
		04104DA5284A0BEF00FCFC04 /* TampilanArticle.swift in Sources */ = {isa = PBXBuildFile; fileRef = 04104D9C284A0BEF00FCFC04 /* TampilanArticle.swift */; };
		04104DA6284A0BEF00FCFC04 /* BookmarkTab.swift in Sources */ = {isa = PBXBuildFile; fileRef = 04104D9D284A0BEF00FCFC04 /* BookmarkTab.swift */; };
		04104DA7284A0BEF00FCFC04 /* NewsTab.swift in Sources */ = {isa = PBXBuildFile; fileRef = 04104D9E284A0BEF00FCFC04 /* NewsTab.swift */; };
		04104DA9284A0BEF00FCFC04 /* SimpanKosong.swift in Sources */ = {isa = PBXBuildFile; fileRef = 04104DA0284A0BEF00FCFC04 /* SimpanKosong.swift */; };
		04104DAB284A0BEF00FCFC04 /* ArticleListView.swift in Sources */ = {isa = PBXBuildFile; fileRef = 04104DA2284A0BEF00FCFC04 /* ArticleListView.swift */; };
		04104DB1284A0C0300FCFC04 /* DataA.swift in Sources */ = {isa = PBXBuildFile; fileRef = 04104DAD284A0C0300FCFC04 /* DataA.swift */; };
		04104DB2284A0C0300FCFC04 /* KategoriA.swift in Sources */ = {isa = PBXBuildFile; fileRef = 04104DAE284A0C0300FCFC04 /* KategoriA.swift */; };
		04104DB3284A0C0300FCFC04 /* APIResponse.swift in Sources */ = {isa = PBXBuildFile; fileRef = 04104DAF284A0C0300FCFC04 /* APIResponse.swift */; };
		04104DB4284A0C0300FCFC04 /* Article.swift in Sources */ = {isa = PBXBuildFile; fileRef = 04104DB0284A0C0300FCFC04 /* Article.swift */; };
		04C48607284CA023009BC27F /* CircleView.swift in Sources */ = {isa = PBXBuildFile; fileRef = 04C48606284CA023009BC27F /* CircleView.swift */; };
		04C48609284D9275009BC27F /* SplashScreen.swift in Sources */ = {isa = PBXBuildFile; fileRef = 04C48608284D9275009BC27F /* SplashScreen.swift */; };
/* End PBXBuildFile section */

/* Begin PBXFileReference section */
		04104D7B284A04DE00FCFC04 /* afl4amadLia.app */ = {isa = PBXFileReference; explicitFileType = wrapper.application; includeInIndex = 0; path = afl4amadLia.app; sourceTree = BUILT_PRODUCTS_DIR; };
		04104D7E284A04DE00FCFC04 /* afl4amadLiaApp.swift */ = {isa = PBXFileReference; lastKnownFileType = sourcecode.swift; path = afl4amadLiaApp.swift; sourceTree = "<group>"; };
		04104D80284A04DE00FCFC04 /* ContentView.swift */ = {isa = PBXFileReference; lastKnownFileType = sourcecode.swift; path = ContentView.swift; sourceTree = "<group>"; };
		04104D82284A04E000FCFC04 /* Assets.xcassets */ = {isa = PBXFileReference; lastKnownFileType = folder.assetcatalog; path = Assets.xcassets; sourceTree = "<group>"; };
		04104D85284A04E000FCFC04 /* Preview Assets.xcassets */ = {isa = PBXFileReference; lastKnownFileType = folder.assetcatalog; path = "Preview Assets.xcassets"; sourceTree = "<group>"; };
		04104D8C284A05A900FCFC04 /* Info.plist */ = {isa = PBXFileReference; lastKnownFileType = text.plist; path = Info.plist; sourceTree = "<group>"; };
		04104D8D284A069400FCFC04 /* news.json */ = {isa = PBXFileReference; fileEncoding = 4; lastKnownFileType = text.json; path = news.json; sourceTree = "<group>"; };
		04104D90284A0BB800FCFC04 /* NewsVM.swift */ = {isa = PBXFileReference; fileEncoding = 4; lastKnownFileType = sourcecode.swift; path = NewsVM.swift; sourceTree = "<group>"; };
		04104D92284A0BBD00FCFC04 /* BookmarkVM.swift */ = {isa = PBXFileReference; fileEncoding = 4; lastKnownFileType = sourcecode.swift; path = BookmarkVM.swift; sourceTree = "<group>"; };
		04104D97284A0BE000FCFC04 /* API.swift */ = {isa = PBXFileReference; fileEncoding = 4; lastKnownFileType = sourcecode.swift; path = API.swift; sourceTree = "<group>"; };
		04104D9A284A0BEF00FCFC04 /* TampilanSafari.swift */ = {isa = PBXFileReference; fileEncoding = 4; lastKnownFileType = sourcecode.swift; path = TampilanSafari.swift; sourceTree = "<group>"; };
		04104D9B284A0BEF00FCFC04 /* RetryView.swift */ = {isa = PBXFileReference; fileEncoding = 4; lastKnownFileType = sourcecode.swift; path = RetryView.swift; sourceTree = "<group>"; };
		04104D9C284A0BEF00FCFC04 /* TampilanArticle.swift */ = {isa = PBXFileReference; fileEncoding = 4; lastKnownFileType = sourcecode.swift; path = TampilanArticle.swift; sourceTree = "<group>"; };
		04104D9D284A0BEF00FCFC04 /* BookmarkTab.swift */ = {isa = PBXFileReference; fileEncoding = 4; lastKnownFileType = sourcecode.swift; path = BookmarkTab.swift; sourceTree = "<group>"; };
		04104D9E284A0BEF00FCFC04 /* NewsTab.swift */ = {isa = PBXFileReference; fileEncoding = 4; lastKnownFileType = sourcecode.swift; path = NewsTab.swift; sourceTree = "<group>"; };
		04104DA0284A0BEF00FCFC04 /* SimpanKosong.swift */ = {isa = PBXFileReference; fileEncoding = 4; lastKnownFileType = sourcecode.swift; path = SimpanKosong.swift; sourceTree = "<group>"; };
		04104DA2284A0BEF00FCFC04 /* ArticleListView.swift */ = {isa = PBXFileReference; fileEncoding = 4; lastKnownFileType = sourcecode.swift; path = ArticleListView.swift; sourceTree = "<group>"; };
		04104DAD284A0C0300FCFC04 /* DataA.swift */ = {isa = PBXFileReference; fileEncoding = 4; lastKnownFileType = sourcecode.swift; path = DataA.swift; sourceTree = "<group>"; };
		04104DAE284A0C0300FCFC04 /* KategoriA.swift */ = {isa = PBXFileReference; fileEncoding = 4; lastKnownFileType = sourcecode.swift; path = KategoriA.swift; sourceTree = "<group>"; };
		04104DAF284A0C0300FCFC04 /* APIResponse.swift */ = {isa = PBXFileReference; fileEncoding = 4; lastKnownFileType = sourcecode.swift; path = APIResponse.swift; sourceTree = "<group>"; };
		04104DB0284A0C0300FCFC04 /* Article.swift */ = {isa = PBXFileReference; fileEncoding = 4; lastKnownFileType = sourcecode.swift; path = Article.swift; sourceTree = "<group>"; };
		04C48606284CA023009BC27F /* CircleView.swift */ = {isa = PBXFileReference; lastKnownFileType = sourcecode.swift; path = CircleView.swift; sourceTree = "<group>"; };
		04C48608284D9275009BC27F /* SplashScreen.swift */ = {isa = PBXFileReference; lastKnownFileType = sourcecode.swift; path = SplashScreen.swift; sourceTree = "<group>"; };
/* End PBXFileReference section */

/* Begin PBXFrameworksBuildPhase section */
		04104D78284A04DE00FCFC04 /* Frameworks */ = {
			isa = PBXFrameworksBuildPhase;
			buildActionMask = 2147483647;
			files = (
			);
			runOnlyForDeploymentPostprocessing = 0;
		};
/* End PBXFrameworksBuildPhase section */

/* Begin PBXGroup section */
		04104D72284A04DE00FCFC04 = {
			isa = PBXGroup;
			children = (
				04104D7D284A04DE00FCFC04 /* afl4amadLia */,
				04104D7C284A04DE00FCFC04 /* Products */,
			);
			sourceTree = "<group>";
		};
		04104D7C284A04DE00FCFC04 /* Products */ = {
			isa = PBXGroup;
			children = (
				04104D7B284A04DE00FCFC04 /* afl4amadLia.app */,
			);
			name = Products;
			sourceTree = "<group>";
		};
		04104D7D284A04DE00FCFC04 /* afl4amadLia */ = {
			isa = PBXGroup;
			children = (
				04104D96284A0BD400FCFC04 /* API */,
				04104D99284A0BEF00FCFC04 /* Views */,
				04104D8F284A0BA900FCFC04 /* VM */,
				04104D8C284A05A900FCFC04 /* Info.plist */,
				04104DAC284A0C0300FCFC04 /* Models */,
				04104D80284A04DE00FCFC04 /* ContentView.swift */,
				04104D7E284A04DE00FCFC04 /* afl4amadLiaApp.swift */,
				04104D8D284A069400FCFC04 /* news.json */,
				04104D82284A04E000FCFC04 /* Assets.xcassets */,
				04104D84284A04E000FCFC04 /* Preview Content */,
			);
			path = afl4amadLia;
			sourceTree = "<group>";
		};
		04104D84284A04E000FCFC04 /* Preview Content */ = {
			isa = PBXGroup;
			children = (
				04104D85284A04E000FCFC04 /* Preview Assets.xcassets */,
			);
			path = "Preview Content";
			sourceTree = "<group>";
		};
		04104D8F284A0BA900FCFC04 /* VM */ = {
			isa = PBXGroup;
			children = (
				04104D90284A0BB800FCFC04 /* NewsVM.swift */,
				04104D92284A0BBD00FCFC04 /* BookmarkVM.swift */,
			);
			path = VM;
			sourceTree = "<group>";
		};
		04104D96284A0BD400FCFC04 /* API */ = {
			isa = PBXGroup;
			children = (
				04104D97284A0BE000FCFC04 /* API.swift */,
			);
			path = API;
			sourceTree = "<group>";
		};
		04104D99284A0BEF00FCFC04 /* Views */ = {
			isa = PBXGroup;
			children = (
				04104D9C284A0BEF00FCFC04 /* TampilanArticle.swift */,
				04104D9A284A0BEF00FCFC04 /* TampilanSafari.swift */,
				04104D9E284A0BEF00FCFC04 /* NewsTab.swift */,
				04104D9D284A0BEF00FCFC04 /* BookmarkTab.swift */,
				04104DA2284A0BEF00FCFC04 /* ArticleListView.swift */,
				04104D9B284A0BEF00FCFC04 /* RetryView.swift */,
				04104DA0284A0BEF00FCFC04 /* SimpanKosong.swift */,
				04C48608284D9275009BC27F /* SplashScreen.swift */,
			);
			path = Views;
			sourceTree = "<group>";
		};
		04104DAC284A0C0300FCFC04 /* Models */ = {
			isa = PBXGroup;
			children = (
				04104DAD284A0C0300FCFC04 /* DataA.swift */,
				04104DAE284A0C0300FCFC04 /* KategoriA.swift */,
				04104DAF284A0C0300FCFC04 /* APIResponse.swift */,
				04104DB0284A0C0300FCFC04 /* Article.swift */,
				04C48606284CA023009BC27F /* CircleView.swift */,
			);
			path = Models;
			sourceTree = "<group>";
		};
/* End PBXGroup section */

/* Begin PBXNativeTarget section */
		04104D7A284A04DE00FCFC04 /* afl4amadLia */ = {
			isa = PBXNativeTarget;
			buildConfigurationList = 04104D89284A04E000FCFC04 /* Build configuration list for PBXNativeTarget "afl4amadLia" */;
			buildPhases = (
				04104D77284A04DE00FCFC04 /* Sources */,
				04104D78284A04DE00FCFC04 /* Frameworks */,
				04104D79284A04DE00FCFC04 /* Resources */,
			);
			buildRules = (
			);
			dependencies = (
			);
			name = afl4amadLia;
			productName = afl4amadLia;
			productReference = 04104D7B284A04DE00FCFC04 /* afl4amadLia.app */;
			productType = "com.apple.product-type.application";
		};
/* End PBXNativeTarget section */

/* Begin PBXProject section */
		04104D73284A04DE00FCFC04 /* Project object */ = {
			isa = PBXProject;
			attributes = {
				BuildIndependentTargetsInParallel = 1;
				LastSwiftUpdateCheck = 1320;
				LastUpgradeCheck = 1320;
				TargetAttributes = {
					04104D7A284A04DE00FCFC04 = {
						CreatedOnToolsVersion = 13.2.1;
					};
				};
			};
			buildConfigurationList = 04104D76284A04DE00FCFC04 /* Build configuration list for PBXProject "afl4amadLia" */;
			compatibilityVersion = "Xcode 13.0";
			developmentRegion = en;
			hasScannedForEncodings = 0;
			knownRegions = (
				en,
				Base,
			);
			mainGroup = 04104D72284A04DE00FCFC04;
			productRefGroup = 04104D7C284A04DE00FCFC04 /* Products */;
			projectDirPath = "";
			projectRoot = "";
			targets = (
				04104D7A284A04DE00FCFC04 /* afl4amadLia */,
			);
		};
/* End PBXProject section */

/* Begin PBXResourcesBuildPhase section */
		04104D79284A04DE00FCFC04 /* Resources */ = {
			isa = PBXResourcesBuildPhase;
			buildActionMask = 2147483647;
			files = (
				04104D8E284A069400FCFC04 /* news.json in Resources */,
				04104D86284A04E000FCFC04 /* Preview Assets.xcassets in Resources */,
				04104D83284A04E000FCFC04 /* Assets.xcassets in Resources */,
			);
			runOnlyForDeploymentPostprocessing = 0;
		};
/* End PBXResourcesBuildPhase section */

/* Begin PBXSourcesBuildPhase section */
		04104D77284A04DE00FCFC04 /* Sources */ = {
			isa = PBXSourcesBuildPhase;
			buildActionMask = 2147483647;
			files = (
				04C48609284D9275009BC27F /* SplashScreen.swift in Sources */,
				04104D81284A04DE00FCFC04 /* ContentView.swift in Sources */,
				04104DB1284A0C0300FCFC04 /* DataA.swift in Sources */,
				04104DAB284A0BEF00FCFC04 /* ArticleListView.swift in Sources */,
				04104DA5284A0BEF00FCFC04 /* TampilanArticle.swift in Sources */,
				04104D7F284A04DE00FCFC04 /* afl4amadLiaApp.swift in Sources */,
				04104DA6284A0BEF00FCFC04 /* BookmarkTab.swift in Sources */,
				04104DA4284A0BEF00FCFC04 /* RetryView.swift in Sources */,
				04104D91284A0BB800FCFC04 /* NewsVM.swift in Sources */,
				04104DA9284A0BEF00FCFC04 /* SimpanKosong.swift in Sources */,
				04104DB4284A0C0300FCFC04 /* Article.swift in Sources */,
				04104DB2284A0C0300FCFC04 /* KategoriA.swift in Sources */,
				04104DB3284A0C0300FCFC04 /* APIResponse.swift in Sources */,
				04104DA7284A0BEF00FCFC04 /* NewsTab.swift in Sources */,
				04C48607284CA023009BC27F /* CircleView.swift in Sources */,
				04104D93284A0BBD00FCFC04 /* BookmarkVM.swift in Sources */,
				04104D98284A0BE000FCFC04 /* API.swift in Sources */,
				04104DA3284A0BEF00FCFC04 /* TampilanSafari.swift in Sources */,
			);
			runOnlyForDeploymentPostprocessing = 0;
		};
/* End PBXSourcesBuildPhase section */

/* Begin XCBuildConfiguration section */
		04104D87284A04E000FCFC04 /* Debug */ = {
			isa = XCBuildConfiguration;
			buildSettings = {
				ALWAYS_SEARCH_USER_PATHS = NO;
				CLANG_ANALYZER_NONNULL = YES;
				CLANG_ANALYZER_NUMBER_OBJECT_CONVERSION = YES_AGGRESSIVE;
				CLANG_CXX_LANGUAGE_STANDARD = "gnu++17";
				CLANG_CXX_LIBRARY = "libc++";
				CLANG_ENABLE_MODULES = YES;
				CLANG_ENABLE_OBJC_ARC = YES;
				CLANG_ENABLE_OBJC_WEAK = YES;
				CLANG_WARN_BLOCK_CAPTURE_AUTORELEASING = YES;
				CLANG_WARN_BOOL_CONVERSION = YES;
				CLANG_WARN_COMMA = YES;
				CLANG_WARN_CONSTANT_CONVERSION = YES;
				CLANG_WARN_DEPRECATED_OBJC_IMPLEMENTATIONS = YES;
				CLANG_WARN_DIRECT_OBJC_ISA_USAGE = YES_ERROR;
				CLANG_WARN_DOCUMENTATION_COMMENTS = YES;
				CLANG_WARN_EMPTY_BODY = YES;
				CLANG_WARN_ENUM_CONVERSION = YES;
				CLANG_WARN_INFINITE_RECURSION = YES;
				CLANG_WARN_INT_CONVERSION = YES;
				CLANG_WARN_NON_LITERAL_NULL_CONVERSION = YES;
				CLANG_WARN_OBJC_IMPLICIT_RETAIN_SELF = YES;
				CLANG_WARN_OBJC_LITERAL_CONVERSION = YES;
				CLANG_WARN_OBJC_ROOT_CLASS = YES_ERROR;
				CLANG_WARN_QUOTED_INCLUDE_IN_FRAMEWORK_HEADER = YES;
				CLANG_WARN_RANGE_LOOP_ANALYSIS = YES;
				CLANG_WARN_STRICT_PROTOTYPES = YES;
				CLANG_WARN_SUSPICIOUS_MOVE = YES;
				CLANG_WARN_UNGUARDED_AVAILABILITY = YES_AGGRESSIVE;
				CLANG_WARN_UNREACHABLE_CODE = YES;
				CLANG_WARN__DUPLICATE_METHOD_MATCH = YES;
				COPY_PHASE_STRIP = NO;
				DEBUG_INFORMATION_FORMAT = dwarf;
				ENABLE_STRICT_OBJC_MSGSEND = YES;
				ENABLE_TESTABILITY = YES;
				GCC_C_LANGUAGE_STANDARD = gnu11;
				GCC_DYNAMIC_NO_PIC = NO;
				GCC_NO_COMMON_BLOCKS = YES;
				GCC_OPTIMIZATION_LEVEL = 0;
				GCC_PREPROCESSOR_DEFINITIONS = (
					"DEBUG=1",
					"$(inherited)",
				);
				GCC_WARN_64_TO_32_BIT_CONVERSION = YES;
				GCC_WARN_ABOUT_RETURN_TYPE = YES_ERROR;
				GCC_WARN_UNDECLARED_SELECTOR = YES;
				GCC_WARN_UNINITIALIZED_AUTOS = YES_AGGRESSIVE;
				GCC_WARN_UNUSED_FUNCTION = YES;
				GCC_WARN_UNUSED_VARIABLE = YES;
				IPHONEOS_DEPLOYMENT_TARGET = 15.2;
				MTL_ENABLE_DEBUG_INFO = INCLUDE_SOURCE;
				MTL_FAST_MATH = YES;
				ONLY_ACTIVE_ARCH = YES;
				SDKROOT = iphoneos;
				SWIFT_ACTIVE_COMPILATION_CONDITIONS = DEBUG;
				SWIFT_OPTIMIZATION_LEVEL = "-Onone";
			};
			name = Debug;
		};
		04104D88284A04E000FCFC04 /* Release */ = {
			isa = XCBuildConfiguration;
			buildSettings = {
				ALWAYS_SEARCH_USER_PATHS = NO;
				CLANG_ANALYZER_NONNULL = YES;
				CLANG_ANALYZER_NUMBER_OBJECT_CONVERSION = YES_AGGRESSIVE;
				CLANG_CXX_LANGUAGE_STANDARD = "gnu++17";
				CLANG_CXX_LIBRARY = "libc++";
				CLANG_ENABLE_MODULES = YES;
				CLANG_ENABLE_OBJC_ARC = YES;
				CLANG_ENABLE_OBJC_WEAK = YES;
				CLANG_WARN_BLOCK_CAPTURE_AUTORELEASING = YES;
				CLANG_WARN_BOOL_CONVERSION = YES;
				CLANG_WARN_COMMA = YES;
				CLANG_WARN_CONSTANT_CONVERSION = YES;
				CLANG_WARN_DEPRECATED_OBJC_IMPLEMENTATIONS = YES;
				CLANG_WARN_DIRECT_OBJC_ISA_USAGE = YES_ERROR;
				CLANG_WARN_DOCUMENTATION_COMMENTS = YES;
				CLANG_WARN_EMPTY_BODY = YES;
				CLANG_WARN_ENUM_CONVERSION = YES;
				CLANG_WARN_INFINITE_RECURSION = YES;
				CLANG_WARN_INT_CONVERSION = YES;
				CLANG_WARN_NON_LITERAL_NULL_CONVERSION = YES;
				CLANG_WARN_OBJC_IMPLICIT_RETAIN_SELF = YES;
				CLANG_WARN_OBJC_LITERAL_CONVERSION = YES;
				CLANG_WARN_OBJC_ROOT_CLASS = YES_ERROR;
				CLANG_WARN_QUOTED_INCLUDE_IN_FRAMEWORK_HEADER = YES;
				CLANG_WARN_RANGE_LOOP_ANALYSIS = YES;
				CLANG_WARN_STRICT_PROTOTYPES = YES;
				CLANG_WARN_SUSPICIOUS_MOVE = YES;
				CLANG_WARN_UNGUARDED_AVAILABILITY = YES_AGGRESSIVE;
				CLANG_WARN_UNREACHABLE_CODE = YES;
				CLANG_WARN__DUPLICATE_METHOD_MATCH = YES;
				COPY_PHASE_STRIP = NO;
				DEBUG_INFORMATION_FORMAT = "dwarf-with-dsym";
				ENABLE_NS_ASSERTIONS = NO;
				ENABLE_STRICT_OBJC_MSGSEND = YES;
				GCC_C_LANGUAGE_STANDARD = gnu11;
				GCC_NO_COMMON_BLOCKS = YES;
				GCC_WARN_64_TO_32_BIT_CONVERSION = YES;
				GCC_WARN_ABOUT_RETURN_TYPE = YES_ERROR;
				GCC_WARN_UNDECLARED_SELECTOR = YES;
				GCC_WARN_UNINITIALIZED_AUTOS = YES_AGGRESSIVE;
				GCC_WARN_UNUSED_FUNCTION = YES;
				GCC_WARN_UNUSED_VARIABLE = YES;
				IPHONEOS_DEPLOYMENT_TARGET = 15.2;
				MTL_ENABLE_DEBUG_INFO = NO;
				MTL_FAST_MATH = YES;
				SDKROOT = iphoneos;
				SWIFT_COMPILATION_MODE = wholemodule;
				SWIFT_OPTIMIZATION_LEVEL = "-O";
				VALIDATE_PRODUCT = YES;
			};
			name = Release;
		};
		04104D8A284A04E000FCFC04 /* Debug */ = {
			isa = XCBuildConfiguration;
			buildSettings = {
				ASSETCATALOG_COMPILER_APPICON_NAME = AppIcon;
				ASSETCATALOG_COMPILER_GLOBAL_ACCENT_COLOR_NAME = AccentColor;
				CODE_SIGN_STYLE = Automatic;
				CURRENT_PROJECT_VERSION = 1;
				DEVELOPMENT_ASSET_PATHS = "\"afl4amadLia/Preview Content\"";
				ENABLE_PREVIEWS = YES;
				GENERATE_INFOPLIST_FILE = YES;
				INFOPLIST_FILE = afl4amadLia/Info.plist;
				INFOPLIST_KEY_CFBundleDisplayName = "";
				INFOPLIST_KEY_LSApplicationCategoryType = "";
				INFOPLIST_KEY_UIApplicationSceneManifest_Generation = YES;
				INFOPLIST_KEY_UIApplicationSupportsIndirectInputEvents = YES;
				INFOPLIST_KEY_UISupportedInterfaceOrientations_iPad = "UIInterfaceOrientationPortrait UIInterfaceOrientationPortraitUpsideDown UIInterfaceOrientationLandscapeLeft UIInterfaceOrientationLandscapeRight";
				INFOPLIST_KEY_UISupportedInterfaceOrientations_iPhone = "UIInterfaceOrientationPortrait UIInterfaceOrientationLandscapeLeft UIInterfaceOrientationLandscapeRight";
				LD_RUNPATH_SEARCH_PATHS = (
					"$(inherited)",
					"@executable_path/Frameworks",
				);
				MARKETING_VERSION = 1.0;
				PRODUCT_BUNDLE_IDENTIFIER = org.w5.afl4amadLia;
				PRODUCT_NAME = "$(TARGET_NAME)";
				SWIFT_EMIT_LOC_STRINGS = YES;
				SWIFT_VERSION = 5.0;
				TARGETED_DEVICE_FAMILY = "1,2";
			};
			name = Debug;
		};
		04104D8B284A04E000FCFC04 /* Release */ = {
			isa = XCBuildConfiguration;
			buildSettings = {
				ASSETCATALOG_COMPILER_APPICON_NAME = AppIcon;
				ASSETCATALOG_COMPILER_GLOBAL_ACCENT_COLOR_NAME = AccentColor;
				CODE_SIGN_STYLE = Automatic;
				CURRENT_PROJECT_VERSION = 1;
				DEVELOPMENT_ASSET_PATHS = "\"afl4amadLia/Preview Content\"";
				ENABLE_PREVIEWS = YES;
				GENERATE_INFOPLIST_FILE = YES;
				INFOPLIST_FILE = afl4amadLia/Info.plist;
				INFOPLIST_KEY_CFBundleDisplayName = "";
				INFOPLIST_KEY_LSApplicationCategoryType = "";
				INFOPLIST_KEY_UIApplicationSceneManifest_Generation = YES;
				INFOPLIST_KEY_UIApplicationSupportsIndirectInputEvents = YES;
				INFOPLIST_KEY_UISupportedInterfaceOrientations_iPad = "UIInterfaceOrientationPortrait UIInterfaceOrientationPortraitUpsideDown UIInterfaceOrientationLandscapeLeft UIInterfaceOrientationLandscapeRight";
				INFOPLIST_KEY_UISupportedInterfaceOrientations_iPhone = "UIInterfaceOrientationPortrait UIInterfaceOrientationLandscapeLeft UIInterfaceOrientationLandscapeRight";
				LD_RUNPATH_SEARCH_PATHS = (
					"$(inherited)",
					"@executable_path/Frameworks",
				);
				MARKETING_VERSION = 1.0;
				PRODUCT_BUNDLE_IDENTIFIER = org.w5.afl4amadLia;
				PRODUCT_NAME = "$(TARGET_NAME)";
				SWIFT_EMIT_LOC_STRINGS = YES;
				SWIFT_VERSION = 5.0;
				TARGETED_DEVICE_FAMILY = "1,2";
			};
			name = Release;
		};
/* End XCBuildConfiguration section */

/* Begin XCConfigurationList section */
		04104D76284A04DE00FCFC04 /* Build configuration list for PBXProject "afl4amadLia" */ = {
			isa = XCConfigurationList;
			buildConfigurations = (
				04104D87284A04E000FCFC04 /* Debug */,
				04104D88284A04E000FCFC04 /* Release */,
			);
			defaultConfigurationIsVisible = 0;
			defaultConfigurationName = Release;
		};
		04104D89284A04E000FCFC04 /* Build configuration list for PBXNativeTarget "afl4amadLia" */ = {
			isa = XCConfigurationList;
			buildConfigurations = (
				04104D8A284A04E000FCFC04 /* Debug */,
				04104D8B284A04E000FCFC04 /* Release */,
			);
			defaultConfigurationIsVisible = 0;
			defaultConfigurationName = Release;
		};
/* End XCConfigurationList section */
	};
	rootObject = 04104D73284A04DE00FCFC04 /* Project object */;
}
